
Microsoft Visual Studio Solution File, Format Version 12.00
# Visual Studio Version 17
VisualStudioVersion = 17.13.35828.75 d17.13
MinimumVisualStudioVersion = 10.0.40219.1
Project("{54A90642-561A-4BB1-A94E-469ADEE60C69}") = "test.client", "test.client\test.client.esproj", "{E124843B-538F-094E-83A5-5BE82E509562}"
EndProject
Project("{FAE04EC0-301F-11D3-BF4B-00C04F79EFBC}") = "test.Server", "test.Server\test.Server.csproj", "{51AEB026-933F-4148-8CD8-85639C3BB2FE}"
EndProject
Project("{2150E333-8FDC-42A3-9474-1A3956D46DE8}") = ".github", ".github", "{02EA681E-C7D8-13C7-8484-4AC65E1B71E8}"
EndProject
Project("{2150E333-8FDC-42A3-9474-1A3956D46DE8}") = "workflows", "workflows", "{59A4A076-3344-4C1C-8107-4F81F0523C46}"
	ProjectSection(SolutionItems) = preProject
		deploy.yml = deploy.yml
	EndProjectSection
EndProject
Global
	GlobalSection(SolutionConfigurationPlatforms) = preSolution
		Debug|Any CPU = Debug|Any CPU
		Release|Any CPU = Release|Any CPU
	EndGlobalSection
	GlobalSection(ProjectConfigurationPlatforms) = postSolution
		{E124843B-538F-094E-83A5-5BE82E509562}.Debug|Any CPU.ActiveCfg = Debug|Any CPU
		{E124843B-538F-094E-83A5-5BE82E509562}.Debug|Any CPU.Build.0 = Debug|Any CPU
		{E124843B-538F-094E-83A5-5BE82E509562}.Debug|Any CPU.Deploy.0 = Debug|Any CPU
		{E124843B-538F-094E-83A5-5BE82E509562}.Release|Any CPU.ActiveCfg = Release|Any CPU
		{E124843B-538F-094E-83A5-5BE82E509562}.Release|Any CPU.Build.0 = Release|Any CPU
		{E124843B-538F-094E-83A5-5BE82E509562}.Release|Any CPU.Deploy.0 = Release|Any CPU
		{51AEB026-933F-4148-8CD8-85639C3BB2FE}.Debug|Any CPU.ActiveCfg = Debug|Any CPU
		{51AEB026-933F-4148-8CD8-85639C3BB2FE}.Debug|Any CPU.Build.0 = Debug|Any CPU
		{51AEB026-933F-4148-8CD8-85639C3BB2FE}.Release|Any CPU.ActiveCfg = Release|Any CPU
		{51AEB026-933F-4148-8CD8-85639C3BB2FE}.Release|Any CPU.Build.0 = Release|Any CPU
	EndGlobalSection
	GlobalSection(SolutionProperties) = preSolution
		HideSolutionNode = FALSE
	EndGlobalSection
	GlobalSection(NestedProjects) = preSolution
		{59A4A076-3344-4C1C-8107-4F81F0523C46} = {02EA681E-C7D8-13C7-8484-4AC65E1B71E8}
	EndGlobalSection
	GlobalSection(ExtensibilityGlobals) = postSolution
		SolutionGuid = {470DA8BC-1D21-4AEB-A7D5-1EAE31A9F9B3}
	EndGlobalSection
EndGlobal
